{
  "name": "eiows-comparison-benchmark",
  "version": "1.0.0",
  "lockfileVersion": 3,
  "requires": true,
  "packages": {
    "": {
      "name": "eiows-comparison-benchmark",
      "version": "1.0.0",
      "dependencies": {
        "bufferutil": "4.1.0",
        "eiows-9.2.0": "npm:eiows@9.2.0",
        "utf-8-validate": "6.0.6",
        "ws": "8.21.3"
      }
    },
    "node_modules/bufferutil": {
      "version": "4.1.0",
      "resolved": "https://registry.npmjs.org/bufferutil/-/bufferutil-4.1.0.tgz",
      "integrity": "sha512-ZMANVnAixE6AWWnPzlW2KpUrxhm9woycYvPOo67jWHyFowASTEd9s+QN1EIMsSDtwhIxN4sWE1jotpuDUIgyIw==",
      "hasInstallScript": true,
      "license": "MIT",
      "dependencies": {
        "node-gyp-build": "^4.3.0"
      },
      "engines": {
        "node": ">=6.14.2"
      }
    },
    "node_modules/eiows-9.2.0": {
      "name": "eiows",
      "version": "9.2.0",
      "resolved": "https://registry.npmjs.org/eiows/-/eiows-9.2.0.tgz",
      "integrity": "sha512-zoCfO/kRm1IE8lGfu0PDH2M6yjAtOy2yxVH8cZQR8jIS13yyBJ7jwy84ygEyXC75arHcfSHNzNokVd+WSv/aXg==",
      "hasInstallScript": true,
      "license": "MIT",
      "os": [
        "!win32",
        "linux",
        "freebsd",
        "darwin"
      ],
      "engines": {
        "node": ">=16 <27.0"
      }
    },
    "node_modules/node-gyp-build": {
      "version": "4.8.4",
      "resolved": "https://registry.npmjs.org/node-gyp-build/-/node-gyp-build-4.8.4.tgz",
      "integrity": "sha512-LA4ZjwlnUblHVgq0oBF3Jl/6h/Nvs5fzBLwdEF4nuxnFdsfajde4WfxtJr3CaiH+F6ewcIB/q4jQ4UzPyid+CQ==",
      "license": "MIT",
      "bin": {
        "node-gyp-build": "bin.js",
        "node-gyp-build-optional": "optional.js",
        "node-gyp-build-test": "build-test.js"
      }
    },
    "node_modules/utf-8-validate": {
      "version": "6.0.6",
      "resolved": "https://registry.npmjs.org/utf-8-validate/-/utf-8-validate-6.0.6.tgz",
      "integrity": "sha512-q3l3P9UtEEiAHcsgsqTgf9PPjctrDWoIXW3NpOHFdRDbLvu4DLIcxHangJ4RLrWkBcKjmcs/6NkerI8T/rE4LA==",
      "hasInstallScript": true,
      "license": "MIT",
      "dependencies": {
        "node-gyp-build": "^4.3.0"
      },
      "engines": {
        "node": ">=6.14.2"
      }
    },
    "node_modules/ws": {
      "version": "8.21.3",
      "resolved": "https://registry.npmjs.org/ws/-/ws-8.21.3.tgz",
      "integrity": "sha512-201TZ/kPWxoPr/OKWjquZR1SWKXcvxdH+e1xrx89b3YbmzLMFCLfnaG1HFIgWzJOEWZ7MvpK++odZufgYR50Rw==",
      "license": "MIT",
      "engines": {
        "node": ">=10.0.0"
      },
      "peerDependencies": {
        "bufferutil": "^4.0.1",
        "utf-8-validate": ">=5.0.2"
      },
      "peerDependenciesMeta": {
        "bufferutil": {
          "optional": true
        },
        "utf-8-validate": {
          "optional": true
        }
      }
    }
  }
}
